// !$*UTF8*$!
{
	archiveVersion = 1;
	classes = {
	};
	objectVersion = 56;
	objects = {

/* Begin PBXBuildFile section */
		8138F21F2E605E1E00D302BC /* WWHUD in Frameworks */ = {isa = PBXBuildFile; productRef = 8138F21E2E605E1E00D302BC /* WWHUD */; };
		813B08312E5D88C600EF7552 /* ImageColorizer.swift in Sources */ = {isa = PBXBuildFile; fileRef = 813B08302E5D88C600EF7552 /* ImageColorizer.swift */; };
		813B085E2E5D8A2600EF7552 /* cmscnvrt.c in Sources */ = {isa = PBXBuildFile; fileRef = 813B08372E5D8A2600EF7552 /* cmscnvrt.c */; };
		813B085F2E5D8A2600EF7552 /* cmsio1.c in Sources */ = {isa = PBXBuildFile; fileRef = 813B083E2E5D8A2600EF7552 /* cmsio1.c */; };
		813B08602E5D8A2600EF7552 /* cmssm.c in Sources */ = {isa = PBXBuildFile; fileRef = 813B08492E5D8A2600EF7552 /* cmssm.c */; };
		813B08612E5D8A2600EF7552 /* cmslut.c in Sources */ = {isa = PBXBuildFile; fileRef = 813B083F2E5D8A2600EF7552 /* cmslut.c */; };
		813B08622E5D8A2600EF7552 /* cmsxform.c in Sources */ = {isa = PBXBuildFile; fileRef = 813B084D2E5D8A2600EF7552 /* cmsxform.c */; };
		813B08632E5D8A2600EF7552 /* cmsnamed.c in Sources */ = {isa = PBXBuildFile; fileRef = 813B08422E5D8A2600EF7552 /* cmsnamed.c */; };
		813B08642E5D8A2600EF7552 /* cmsintrp.c in Sources */ = {isa = PBXBuildFile; fileRef = 813B083C2E5D8A2600EF7552 /* cmsintrp.c */; };
		813B08652E5D8A2600EF7552 /* cmsps2.c in Sources */ = {isa = PBXBuildFile; fileRef = 813B08472E5D8A2600EF7552 /* cmsps2.c */; };
		813B08662E5D8A2600EF7552 /* cmsvirt.c in Sources */ = {isa = PBXBuildFile; fileRef = 813B084B2E5D8A2600EF7552 /* cmsvirt.c */; };
		813B08672E5D8A2600EF7552 /* cmsgamma.c in Sources */ = {isa = PBXBuildFile; fileRef = 813B08392E5D8A2600EF7552 /* cmsgamma.c */; };
		813B08682E5D8A2600EF7552 /* cmsalpha.c in Sources */ = {isa = PBXBuildFile; fileRef = 813B08342E5D8A2600EF7552 /* cmsalpha.c */; };
		813B08692E5D8A2600EF7552 /* cmscam02.c in Sources */ = {isa = PBXBuildFile; fileRef = 813B08352E5D8A2600EF7552 /* cmscam02.c */; };
		813B086A2E5D8A2600EF7552 /* cmswtpnt.c in Sources */ = {isa = PBXBuildFile; fileRef = 813B084C2E5D8A2600EF7552 /* cmswtpnt.c */; };
		813B086B2E5D8A2600EF7552 /* cmsmtrx.c in Sources */ = {isa = PBXBuildFile; fileRef = 813B08412E5D8A2600EF7552 /* cmsmtrx.c */; };
		813B086D2E5D8A2600EF7552 /* cmsio0.c in Sources */ = {isa = PBXBuildFile; fileRef = 813B083D2E5D8A2600EF7552 /* cmsio0.c */; };
		813B086E2E5D8A2600EF7552 /* cmscgats.c in Sources */ = {isa = PBXBuildFile; fileRef = 813B08362E5D8A2600EF7552 /* cmscgats.c */; };
		813B086F2E5D8A2600EF7552 /* cmspack.c in Sources */ = {isa = PBXBuildFile; fileRef = 813B08442E5D8A2600EF7552 /* cmspack.c */; };
		813B08702E5D8A2600EF7552 /* cmsopt.c in Sources */ = {isa = PBXBuildFile; fileRef = 813B08432E5D8A2600EF7552 /* cmsopt.c */; };
		813B08722E5D8A2600EF7552 /* cmsmd5.c in Sources */ = {isa = PBXBuildFile; fileRef = 813B08402E5D8A2600EF7552 /* cmsmd5.c */; };
		813B08742E5D8A2600EF7552 /* cmsplugin.c in Sources */ = {isa = PBXBuildFile; fileRef = 813B08462E5D8A2600EF7552 /* cmsplugin.c */; };
		813B08752E5D8A2600EF7552 /* cmspcs.c in Sources */ = {isa = PBXBuildFile; fileRef = 813B08452E5D8A2600EF7552 /* cmspcs.c */; };
		813B08762E5D8A2600EF7552 /* cmstypes.c in Sources */ = {isa = PBXBuildFile; fileRef = 813B084A2E5D8A2600EF7552 /* cmstypes.c */; };
		813B08772E5D8A2600EF7552 /* cmsgmt.c in Sources */ = {isa = PBXBuildFile; fileRef = 813B083A2E5D8A2600EF7552 /* cmsgmt.c */; };
		813B08792E5D8A2600EF7552 /* cmshalf.c in Sources */ = {isa = PBXBuildFile; fileRef = 813B083B2E5D8A2600EF7552 /* cmshalf.c */; };
		813B087A2E5D8A2600EF7552 /* cmssamp.c in Sources */ = {isa = PBXBuildFile; fileRef = 813B08482E5D8A2600EF7552 /* cmssamp.c */; };
		813B087B2E5D8A2600EF7552 /* cmserr.c in Sources */ = {isa = PBXBuildFile; fileRef = 813B08382E5D8A2600EF7552 /* cmserr.c */; };
		813B087C2E5D8A2600EF7552 /* Makefile.am in Resources */ = {isa = PBXBuildFile; fileRef = 813B08522E5D8A2600EF7552 /* Makefile.am */; };
		813B087D2E5D8A2600EF7552 /* Makefile.in in Resources */ = {isa = PBXBuildFile; fileRef = 813B08532E5D8A2600EF7552 /* Makefile.in */; };
		813B087E2E5D8A2600EF7552 /* sRGB_ICC_v4_Appearance.icc in Resources */ = {isa = PBXBuildFile; fileRef = 813B08542E5D8A2600EF7552 /* sRGB_ICC_v4_Appearance.icc */; };
		813B087F2E5D8A2600EF7552 /* sRGB_v4_ICC_preference.icc in Resources */ = {isa = PBXBuildFile; fileRef = 813B08552E5D8A2600EF7552 /* sRGB_v4_ICC_preference.icc */; };
		813B08802E5D8A2600EF7552 /* lcms2.def in Resources */ = {isa = PBXBuildFile; fileRef = 813B084F2E5D8A2600EF7552 /* lcms2.def */; };
		816CD0972E6150410083B199 /* CoremlColorizer.mlpackage in Sources */ = {isa = PBXBuildFile; fileRef = 816CD0962E6150410083B199 /* CoremlColorizer.mlpackage */; };
		816CD0992E6151360083B199 /* Constant.swift in Sources */ = {isa = PBXBuildFile; fileRef = 816CD0982E6151360083B199 /* Constant.swift */; };
		816CD09B2E6151770083B199 /* LCM2Utility.swift in Sources */ = {isa = PBXBuildFile; fileRef = 816CD09A2E6151770083B199 /* LCM2Utility.swift */; };
		816CD09F2E6155AD0083B199 /* Model.swift in Sources */ = {isa = PBXBuildFile; fileRef = 816CD09E2E6155AB0083B199 /* Model.swift */; };
		817567FC2CA2C2B400B24577 /* AppDelegate.swift in Sources */ = {isa = PBXBuildFile; fileRef = 817567FB2CA2C2B400B24577 /* AppDelegate.swift */; };
		817568002CA2C2B400B24577 /* ViewController.swift in Sources */ = {isa = PBXBuildFile; fileRef = 817567FF2CA2C2B400B24577 /* ViewController.swift */; };
		817568032CA2C2B400B24577 /* Main.storyboard in Resources */ = {isa = PBXBuildFile; fileRef = 817568012CA2C2B400B24577 /* Main.storyboard */; };
		817568082CA2C2B500B24577 /* LaunchScreen.storyboard in Resources */ = {isa = PBXBuildFile; fileRef = 817568062CA2C2B500B24577 /* LaunchScreen.storyboard */; };
		81E0664D2E5DA307003C4CC8 /* Assets.xcassets in Resources */ = {isa = PBXBuildFile; fileRef = 81E0664C2E5DA307003C4CC8 /* Assets.xcassets */; };
		81E0664F2E5DA49B003C4CC8 /* Extension.swift in Sources */ = {isa = PBXBuildFile; fileRef = 81E0664E2E5DA49B003C4CC8 /* Extension.swift */; };
/* End PBXBuildFile section */

/* Begin PBXFileReference section */
		813B08302E5D88C600EF7552 /* ImageColorizer.swift */ = {isa = PBXFileReference; lastKnownFileType = sourcecode.swift; path = ImageColorizer.swift; sourceTree = "<group>"; };
		813B08342E5D8A2600EF7552 /* cmsalpha.c */ = {isa = PBXFileReference; lastKnownFileType = sourcecode.c.c; path = cmsalpha.c; sourceTree = "<group>"; };
		813B08352E5D8A2600EF7552 /* cmscam02.c */ = {isa = PBXFileReference; lastKnownFileType = sourcecode.c.c; path = cmscam02.c; sourceTree = "<group>"; };
		813B08362E5D8A2600EF7552 /* cmscgats.c */ = {isa = PBXFileReference; lastKnownFileType = sourcecode.c.c; path = cmscgats.c; sourceTree = "<group>"; };
		813B08372E5D8A2600EF7552 /* cmscnvrt.c */ = {isa = PBXFileReference; lastKnownFileType = sourcecode.c.c; path = cmscnvrt.c; sourceTree = "<group>"; };
		813B08382E5D8A2600EF7552 /* cmserr.c */ = {isa = PBXFileReference; lastKnownFileType = sourcecode.c.c; path = cmserr.c; sourceTree = "<group>"; };
		813B08392E5D8A2600EF7552 /* cmsgamma.c */ = {isa = PBXFileReference; lastKnownFileType = sourcecode.c.c; path = cmsgamma.c; sourceTree = "<group>"; };
		813B083A2E5D8A2600EF7552 /* cmsgmt.c */ = {isa = PBXFileReference; lastKnownFileType = sourcecode.c.c; path = cmsgmt.c; sourceTree = "<group>"; };
		813B083B2E5D8A2600EF7552 /* cmshalf.c */ = {isa = PBXFileReference; lastKnownFileType = sourcecode.c.c; path = cmshalf.c; sourceTree = "<group>"; };
		813B083C2E5D8A2600EF7552 /* cmsintrp.c */ = {isa = PBXFileReference; lastKnownFileType = sourcecode.c.c; path = cmsintrp.c; sourceTree = "<group>"; };
		813B083D2E5D8A2600EF7552 /* cmsio0.c */ = {isa = PBXFileReference; lastKnownFileType = sourcecode.c.c; path = cmsio0.c; sourceTree = "<group>"; };
		813B083E2E5D8A2600EF7552 /* cmsio1.c */ = {isa = PBXFileReference; lastKnownFileType = sourcecode.c.c; path = cmsio1.c; sourceTree = "<group>"; };
		813B083F2E5D8A2600EF7552 /* cmslut.c */ = {isa = PBXFileReference; lastKnownFileType = sourcecode.c.c; path = cmslut.c; sourceTree = "<group>"; };
		813B08402E5D8A2600EF7552 /* cmsmd5.c */ = {isa = PBXFileReference; lastKnownFileType = sourcecode.c.c; path = cmsmd5.c; sourceTree = "<group>"; };
		813B08412E5D8A2600EF7552 /* cmsmtrx.c */ = {isa = PBXFileReference; lastKnownFileType = sourcecode.c.c; path = cmsmtrx.c; sourceTree = "<group>"; };
		813B08422E5D8A2600EF7552 /* cmsnamed.c */ = {isa = PBXFileReference; lastKnownFileType = sourcecode.c.c; path = cmsnamed.c; sourceTree = "<group>"; };
		813B08432E5D8A2600EF7552 /* cmsopt.c */ = {isa = PBXFileReference; lastKnownFileType = sourcecode.c.c; path = cmsopt.c; sourceTree = "<group>"; };
		813B08442E5D8A2600EF7552 /* cmspack.c */ = {isa = PBXFileReference; lastKnownFileType = sourcecode.c.c; path = cmspack.c; sourceTree = "<group>"; };
		813B08452E5D8A2600EF7552 /* cmspcs.c */ = {isa = PBXFileReference; lastKnownFileType = sourcecode.c.c; path = cmspcs.c; sourceTree = "<group>"; };
		813B08462E5D8A2600EF7552 /* cmsplugin.c */ = {isa = PBXFileReference; lastKnownFileType = sourcecode.c.c; path = cmsplugin.c; sourceTree = "<group>"; };
		813B08472E5D8A2600EF7552 /* cmsps2.c */ = {isa = PBXFileReference; lastKnownFileType = sourcecode.c.c; path = cmsps2.c; sourceTree = "<group>"; };
		813B08482E5D8A2600EF7552 /* cmssamp.c */ = {isa = PBXFileReference; lastKnownFileType = sourcecode.c.c; path = cmssamp.c; sourceTree = "<group>"; };
		813B08492E5D8A2600EF7552 /* cmssm.c */ = {isa = PBXFileReference; lastKnownFileType = sourcecode.c.c; path = cmssm.c; sourceTree = "<group>"; };
		813B084A2E5D8A2600EF7552 /* cmstypes.c */ = {isa = PBXFileReference; lastKnownFileType = sourcecode.c.c; path = cmstypes.c; sourceTree = "<group>"; };
		813B084B2E5D8A2600EF7552 /* cmsvirt.c */ = {isa = PBXFileReference; lastKnownFileType = sourcecode.c.c; path = cmsvirt.c; sourceTree = "<group>"; };
		813B084C2E5D8A2600EF7552 /* cmswtpnt.c */ = {isa = PBXFileReference; lastKnownFileType = sourcecode.c.c; path = cmswtpnt.c; sourceTree = "<group>"; };
		813B084D2E5D8A2600EF7552 /* cmsxform.c */ = {isa = PBXFileReference; lastKnownFileType = sourcecode.c.c; path = cmsxform.c; sourceTree = "<group>"; };
		813B084E2E5D8A2600EF7552 /* lcms2.h */ = {isa = PBXFileReference; lastKnownFileType = sourcecode.c.h; path = lcms2.h; sourceTree = "<group>"; };
		813B084F2E5D8A2600EF7552 /* lcms2.def */ = {isa = PBXFileReference; lastKnownFileType = text; path = lcms2.def; sourceTree = "<group>"; };
		813B08502E5D8A2600EF7552 /* lcms2_internal.h */ = {isa = PBXFileReference; lastKnownFileType = sourcecode.c.h; path = lcms2_internal.h; sourceTree = "<group>"; };
		813B08512E5D8A2600EF7552 /* lcms2_plugin.h */ = {isa = PBXFileReference; lastKnownFileType = sourcecode.c.h; path = lcms2_plugin.h; sourceTree = "<group>"; };
		813B08522E5D8A2600EF7552 /* Makefile.am */ = {isa = PBXFileReference; lastKnownFileType = text; path = Makefile.am; sourceTree = "<group>"; };
		813B08532E5D8A2600EF7552 /* Makefile.in */ = {isa = PBXFileReference; lastKnownFileType = text; path = Makefile.in; sourceTree = "<group>"; };
		813B08542E5D8A2600EF7552 /* sRGB_ICC_v4_Appearance.icc */ = {isa = PBXFileReference; lastKnownFileType = file; path = sRGB_ICC_v4_Appearance.icc; sourceTree = "<group>"; };
		813B08552E5D8A2600EF7552 /* sRGB_v4_ICC_preference.icc */ = {isa = PBXFileReference; lastKnownFileType = file; path = sRGB_v4_ICC_preference.icc; sourceTree = "<group>"; };
		813B08582E5D8A2600EF7552 /* ImageColoriser-Bridging-Header.h */ = {isa = PBXFileReference; lastKnownFileType = sourcecode.c.h; path = "ImageColoriser-Bridging-Header.h"; sourceTree = "<group>"; };
		816CD0962E6150410083B199 /* CoremlColorizer.mlpackage */ = {isa = PBXFileReference; lastKnownFileType = folder.mlpackage; path = CoremlColorizer.mlpackage; sourceTree = "<group>"; };
		816CD0982E6151360083B199 /* Constant.swift */ = {isa = PBXFileReference; lastKnownFileType = sourcecode.swift; path = Constant.swift; sourceTree = "<group>"; };
		816CD09A2E6151770083B199 /* LCM2Utility.swift */ = {isa = PBXFileReference; lastKnownFileType = sourcecode.swift; path = LCM2Utility.swift; sourceTree = "<group>"; };
		816CD09E2E6155AB0083B199 /* Model.swift */ = {isa = PBXFileReference; lastKnownFileType = sourcecode.swift; path = Model.swift; sourceTree = "<group>"; };
		817567F82CA2C2B400B24577 /* Example.app */ = {isa = PBXFileReference; explicitFileType = wrapper.application; includeInIndex = 0; path = Example.app; sourceTree = BUILT_PRODUCTS_DIR; };
		817567FB2CA2C2B400B24577 /* AppDelegate.swift */ = {isa = PBXFileReference; lastKnownFileType = sourcecode.swift; path = AppDelegate.swift; sourceTree = "<group>"; };
		817567FF2CA2C2B400B24577 /* ViewController.swift */ = {isa = PBXFileReference; lastKnownFileType = sourcecode.swift; path = ViewController.swift; sourceTree = "<group>"; };
		817568022CA2C2B400B24577 /* Base */ = {isa = PBXFileReference; lastKnownFileType = file.storyboard; name = Base; path = Base.lproj/Main.storyboard; sourceTree = "<group>"; };
		817568072CA2C2B500B24577 /* Base */ = {isa = PBXFileReference; lastKnownFileType = file.storyboard; name = Base; path = Base.lproj/LaunchScreen.storyboard; sourceTree = "<group>"; };
		817568092CA2C2B500B24577 /* Info.plist */ = {isa = PBXFileReference; lastKnownFileType = text.plist.xml; path = Info.plist; sourceTree = "<group>"; };
		81E0664C2E5DA307003C4CC8 /* Assets.xcassets */ = {isa = PBXFileReference; lastKnownFileType = folder.assetcatalog; path = Assets.xcassets; sourceTree = "<group>"; };
		81E0664E2E5DA49B003C4CC8 /* Extension.swift */ = {isa = PBXFileReference; lastKnownFileType = sourcecode.swift; path = Extension.swift; sourceTree = "<group>"; };
/* End PBXFileReference section */

/* Begin PBXFrameworksBuildPhase section */
		817567F52CA2C2B400B24577 /* Frameworks */ = {
			isa = PBXFrameworksBuildPhase;
			buildActionMask = 2147483647;
			files = (
				8138F21F2E605E1E00D302BC /* WWHUD in Frameworks */,
			);
			runOnlyForDeploymentPostprocessing = 0;
		};
/* End PBXFrameworksBuildPhase section */

/* Begin PBXGroup section */
		813B08562E5D8A2600EF7552 /* littlecms */ = {
			isa = PBXGroup;
			children = (
				813B08342E5D8A2600EF7552 /* cmsalpha.c */,
				813B08352E5D8A2600EF7552 /* cmscam02.c */,
				813B08362E5D8A2600EF7552 /* cmscgats.c */,
				813B08372E5D8A2600EF7552 /* cmscnvrt.c */,
				813B08382E5D8A2600EF7552 /* cmserr.c */,
				813B08392E5D8A2600EF7552 /* cmsgamma.c */,
				813B083A2E5D8A2600EF7552 /* cmsgmt.c */,
				813B083B2E5D8A2600EF7552 /* cmshalf.c */,
				813B083C2E5D8A2600EF7552 /* cmsintrp.c */,
				813B083D2E5D8A2600EF7552 /* cmsio0.c */,
				813B083E2E5D8A2600EF7552 /* cmsio1.c */,
				813B083F2E5D8A2600EF7552 /* cmslut.c */,
				813B08402E5D8A2600EF7552 /* cmsmd5.c */,
				813B08412E5D8A2600EF7552 /* cmsmtrx.c */,
				813B08422E5D8A2600EF7552 /* cmsnamed.c */,
				813B08432E5D8A2600EF7552 /* cmsopt.c */,
				813B08442E5D8A2600EF7552 /* cmspack.c */,
				813B08452E5D8A2600EF7552 /* cmspcs.c */,
				813B08462E5D8A2600EF7552 /* cmsplugin.c */,
				813B08472E5D8A2600EF7552 /* cmsps2.c */,
				813B08482E5D8A2600EF7552 /* cmssamp.c */,
				813B08492E5D8A2600EF7552 /* cmssm.c */,
				813B084A2E5D8A2600EF7552 /* cmstypes.c */,
				813B084B2E5D8A2600EF7552 /* cmsvirt.c */,
				813B084C2E5D8A2600EF7552 /* cmswtpnt.c */,
				813B084D2E5D8A2600EF7552 /* cmsxform.c */,
				813B084E2E5D8A2600EF7552 /* lcms2.h */,
				813B084F2E5D8A2600EF7552 /* lcms2.def */,
				813B08502E5D8A2600EF7552 /* lcms2_internal.h */,
				813B08512E5D8A2600EF7552 /* lcms2_plugin.h */,
				813B08522E5D8A2600EF7552 /* Makefile.am */,
				813B08532E5D8A2600EF7552 /* Makefile.in */,
				813B08542E5D8A2600EF7552 /* sRGB_ICC_v4_Appearance.icc */,
				813B08552E5D8A2600EF7552 /* sRGB_v4_ICC_preference.icc */,
			);
			path = littlecms;
			sourceTree = "<group>";
		};
		816CD09D2E6152560083B199 /* Plugin */ = {
			isa = PBXGroup;
			children = (
				813B08562E5D8A2600EF7552 /* littlecms */,
			);
			path = Plugin;
			sourceTree = "<group>";
		};
		817567EF2CA2C2B400B24577 = {
			isa = PBXGroup;
			children = (
				817567FA2CA2C2B400B24577 /* Example */,
				817567F92CA2C2B400B24577 /* Products */,
			);
			sourceTree = "<group>";
		};
		817567F92CA2C2B400B24577 /* Products */ = {
			isa = PBXGroup;
			children = (
				817567F82CA2C2B400B24577 /* Example.app */,
			);
			name = Products;
			sourceTree = "<group>";
		};
		817567FA2CA2C2B400B24577 /* Example */ = {
			isa = PBXGroup;
			children = (
				817568192CA2C36F00B24577 /* Setting */,
				816CD09D2E6152560083B199 /* Plugin */,
				817568182CA2C36400B24577 /* Material */,
				817568112CA2C32700B24577 /* Utility */,
				817568162CA2C33E00B24577 /* Storyboard */,
				817568172CA2C35000B24577 /* ViewController */,
				817567FB2CA2C2B400B24577 /* AppDelegate.swift */,
			);
			path = Example;
			sourceTree = "<group>";
		};
		817568112CA2C32700B24577 /* Utility */ = {
			isa = PBXGroup;
			children = (
				816CD09A2E6151770083B199 /* LCM2Utility.swift */,
				816CD09E2E6155AB0083B199 /* Model.swift */,
				813B08302E5D88C600EF7552 /* ImageColorizer.swift */,
				81E0664E2E5DA49B003C4CC8 /* Extension.swift */,
				816CD0982E6151360083B199 /* Constant.swift */,
			);
			path = Utility;
			sourceTree = "<group>";
		};
		817568162CA2C33E00B24577 /* Storyboard */ = {
			isa = PBXGroup;
			children = (
				817568012CA2C2B400B24577 /* Main.storyboard */,
				817568062CA2C2B500B24577 /* LaunchScreen.storyboard */,
			);
			path = Storyboard;
			sourceTree = "<group>";
		};
		817568172CA2C35000B24577 /* ViewController */ = {
			isa = PBXGroup;
			children = (
				817567FF2CA2C2B400B24577 /* ViewController.swift */,
			);
			path = ViewController;
			sourceTree = "<group>";
		};
		817568182CA2C36400B24577 /* Material */ = {
			isa = PBXGroup;
			children = (
				81E0664C2E5DA307003C4CC8 /* Assets.xcassets */,
				816CD0962E6150410083B199 /* CoremlColorizer.mlpackage */,
			);
			path = Material;
			sourceTree = "<group>";
		};
		817568192CA2C36F00B24577 /* Setting */ = {
			isa = PBXGroup;
			children = (
				817568092CA2C2B500B24577 /* Info.plist */,
				813B08582E5D8A2600EF7552 /* ImageColoriser-Bridging-Header.h */,
			);
			name = Setting;
			sourceTree = "<group>";
		};
/* End PBXGroup section */

/* Begin PBXNativeTarget section */
		817567F72CA2C2B400B24577 /* Example */ = {
			isa = PBXNativeTarget;
			buildConfigurationList = 8175680C2CA2C2B500B24577 /* Build configuration list for PBXNativeTarget "Example" */;
			buildPhases = (
				817567F42CA2C2B400B24577 /* Sources */,
				817567F52CA2C2B400B24577 /* Frameworks */,
				817567F62CA2C2B400B24577 /* Resources */,
			);
			buildRules = (
			);
			dependencies = (
			);
			name = Example;
			packageProductDependencies = (
				8138F21E2E605E1E00D302BC /* WWHUD */,
			);
			productName = Example;
			productReference = 817567F82CA2C2B400B24577 /* Example.app */;
			productType = "com.apple.product-type.application";
		};
/* End PBXNativeTarget section */

/* Begin PBXProject section */
		817567F02CA2C2B400B24577 /* Project object */ = {
			isa = PBXProject;
			attributes = {
				BuildIndependentTargetsInParallel = 1;
				LastSwiftUpdateCheck = 1520;
				LastUpgradeCheck = 1520;
				TargetAttributes = {
					817567F72CA2C2B400B24577 = {
						CreatedOnToolsVersion = 15.2;
					};
				};
			};
			buildConfigurationList = 817567F32CA2C2B400B24577 /* Build configuration list for PBXProject "Example" */;
			compatibilityVersion = "Xcode 14.0";
			developmentRegion = en;
			hasScannedForEncodings = 0;
			knownRegions = (
				en,
				Base,
			);
			mainGroup = 817567EF2CA2C2B400B24577;
			packageReferences = (
				8138F21D2E605E1E00D302BC /* XCRemoteSwiftPackageReference "WWHUD" */,
			);
			productRefGroup = 817567F92CA2C2B400B24577 /* Products */;
			projectDirPath = "";
			projectRoot = "";
			targets = (
				817567F72CA2C2B400B24577 /* Example */,
			);
		};
/* End PBXProject section */

/* Begin PBXResourcesBuildPhase section */
		817567F62CA2C2B400B24577 /* Resources */ = {
			isa = PBXResourcesBuildPhase;
			buildActionMask = 2147483647;
			files = (
				817568082CA2C2B500B24577 /* LaunchScreen.storyboard in Resources */,
				817568032CA2C2B400B24577 /* Main.storyboard in Resources */,
				813B087C2E5D8A2600EF7552 /* Makefile.am in Resources */,
				813B087D2E5D8A2600EF7552 /* Makefile.in in Resources */,
				813B087E2E5D8A2600EF7552 /* sRGB_ICC_v4_Appearance.icc in Resources */,
				813B087F2E5D8A2600EF7552 /* sRGB_v4_ICC_preference.icc in Resources */,
				81E0664D2E5DA307003C4CC8 /* Assets.xcassets in Resources */,
				813B08802E5D8A2600EF7552 /* lcms2.def in Resources */,
			);
			runOnlyForDeploymentPostprocessing = 0;
		};
/* End PBXResourcesBuildPhase section */

/* Begin PBXSourcesBuildPhase section */
		817567F42CA2C2B400B24577 /* Sources */ = {
			isa = PBXSourcesBuildPhase;
			buildActionMask = 2147483647;
			files = (
				813B08312E5D88C600EF7552 /* ImageColorizer.swift in Sources */,
				817568002CA2C2B400B24577 /* ViewController.swift in Sources */,
				813B085E2E5D8A2600EF7552 /* cmscnvrt.c in Sources */,
				813B085F2E5D8A2600EF7552 /* cmsio1.c in Sources */,
				813B08602E5D8A2600EF7552 /* cmssm.c in Sources */,
				813B08612E5D8A2600EF7552 /* cmslut.c in Sources */,
				816CD0972E6150410083B199 /* CoremlColorizer.mlpackage in Sources */,
				813B08622E5D8A2600EF7552 /* cmsxform.c in Sources */,
				813B08632E5D8A2600EF7552 /* cmsnamed.c in Sources */,
				813B08642E5D8A2600EF7552 /* cmsintrp.c in Sources */,
				813B08652E5D8A2600EF7552 /* cmsps2.c in Sources */,
				816CD09B2E6151770083B199 /* LCM2Utility.swift in Sources */,
				813B08662E5D8A2600EF7552 /* cmsvirt.c in Sources */,
				813B08672E5D8A2600EF7552 /* cmsgamma.c in Sources */,
				813B08682E5D8A2600EF7552 /* cmsalpha.c in Sources */,
				813B08692E5D8A2600EF7552 /* cmscam02.c in Sources */,
				813B086A2E5D8A2600EF7552 /* cmswtpnt.c in Sources */,
				813B086B2E5D8A2600EF7552 /* cmsmtrx.c in Sources */,
				813B086D2E5D8A2600EF7552 /* cmsio0.c in Sources */,
				813B086E2E5D8A2600EF7552 /* cmscgats.c in Sources */,
				813B086F2E5D8A2600EF7552 /* cmspack.c in Sources */,
				813B08702E5D8A2600EF7552 /* cmsopt.c in Sources */,
				813B08722E5D8A2600EF7552 /* cmsmd5.c in Sources */,
				813B08742E5D8A2600EF7552 /* cmsplugin.c in Sources */,
				813B08752E5D8A2600EF7552 /* cmspcs.c in Sources */,
				813B08762E5D8A2600EF7552 /* cmstypes.c in Sources */,
				813B08772E5D8A2600EF7552 /* cmsgmt.c in Sources */,
				816CD09F2E6155AD0083B199 /* Model.swift in Sources */,
				813B08792E5D8A2600EF7552 /* cmshalf.c in Sources */,
				813B087A2E5D8A2600EF7552 /* cmssamp.c in Sources */,
				813B087B2E5D8A2600EF7552 /* cmserr.c in Sources */,
				81E0664F2E5DA49B003C4CC8 /* Extension.swift in Sources */,
				816CD0992E6151360083B199 /* Constant.swift in Sources */,
				817567FC2CA2C2B400B24577 /* AppDelegate.swift in Sources */,
			);
			runOnlyForDeploymentPostprocessing = 0;
		};
/* End PBXSourcesBuildPhase section */

/* Begin PBXVariantGroup section */
		817568012CA2C2B400B24577 /* Main.storyboard */ = {
			isa = PBXVariantGroup;
			children = (
				817568022CA2C2B400B24577 /* Base */,
			);
			name = Main.storyboard;
			sourceTree = "<group>";
		};
		817568062CA2C2B500B24577 /* LaunchScreen.storyboard */ = {
			isa = PBXVariantGroup;
			children = (
				817568072CA2C2B500B24577 /* Base */,
			);
			name = LaunchScreen.storyboard;
			sourceTree = "<group>";
		};
/* End PBXVariantGroup section */

/* Begin XCBuildConfiguration section */
		8175680A2CA2C2B500B24577 /* Debug */ = {
			isa = XCBuildConfiguration;
			buildSettings = {
				ALWAYS_SEARCH_USER_PATHS = NO;
				ASSETCATALOG_COMPILER_GENERATE_SWIFT_ASSET_SYMBOL_EXTENSIONS = YES;
				CLANG_ANALYZER_NONNULL = YES;
				CLANG_ANALYZER_NUMBER_OBJECT_CONVERSION = YES_AGGRESSIVE;
				CLANG_CXX_LANGUAGE_STANDARD = "gnu++20";
				CLANG_ENABLE_MODULES = YES;
				CLANG_ENABLE_OBJC_ARC = YES;
				CLANG_ENABLE_OBJC_WEAK = YES;
				CLANG_WARN_BLOCK_CAPTURE_AUTORELEASING = YES;
				CLANG_WARN_BOOL_CONVERSION = YES;
				CLANG_WARN_COMMA = YES;
				CLANG_WARN_CONSTANT_CONVERSION = YES;
				CLANG_WARN_DEPRECATED_OBJC_IMPLEMENTATIONS = YES;
				CLANG_WARN_DIRECT_OBJC_ISA_USAGE = YES_ERROR;
				CLANG_WARN_DOCUMENTATION_COMMENTS = YES;
				CLANG_WARN_EMPTY_BODY = YES;
				CLANG_WARN_ENUM_CONVERSION = YES;
				CLANG_WARN_INFINITE_RECURSION = YES;
				CLANG_WARN_INT_CONVERSION = YES;
				CLANG_WARN_NON_LITERAL_NULL_CONVERSION = YES;
				CLANG_WARN_OBJC_IMPLICIT_RETAIN_SELF = YES;
				CLANG_WARN_OBJC_LITERAL_CONVERSION = YES;
				CLANG_WARN_OBJC_ROOT_CLASS = YES_ERROR;
				CLANG_WARN_QUOTED_INCLUDE_IN_FRAMEWORK_HEADER = YES;
				CLANG_WARN_RANGE_LOOP_ANALYSIS = YES;
				CLANG_WARN_STRICT_PROTOTYPES = YES;
				CLANG_WARN_SUSPICIOUS_MOVE = YES;
				CLANG_WARN_UNGUARDED_AVAILABILITY = YES_AGGRESSIVE;
				CLANG_WARN_UNREACHABLE_CODE = YES;
				CLANG_WARN__DUPLICATE_METHOD_MATCH = YES;
				COPY_PHASE_STRIP = NO;
				DEBUG_INFORMATION_FORMAT = dwarf;
				ENABLE_STRICT_OBJC_MSGSEND = YES;
				ENABLE_TESTABILITY = YES;
				ENABLE_USER_SCRIPT_SANDBOXING = YES;
				GCC_C_LANGUAGE_STANDARD = gnu17;
				GCC_DYNAMIC_NO_PIC = NO;
				GCC_NO_COMMON_BLOCKS = YES;
				GCC_OPTIMIZATION_LEVEL = 0;
				GCC_PREPROCESSOR_DEFINITIONS = (
					"DEBUG=1",
					"$(inherited)",
				);
				GCC_WARN_64_TO_32_BIT_CONVERSION = YES;
				GCC_WARN_ABOUT_RETURN_TYPE = YES_ERROR;
				GCC_WARN_UNDECLARED_SELECTOR = YES;
				GCC_WARN_UNINITIALIZED_AUTOS = YES_AGGRESSIVE;
				GCC_WARN_UNUSED_FUNCTION = YES;
				GCC_WARN_UNUSED_VARIABLE = YES;
				IPHONEOS_DEPLOYMENT_TARGET = 17.2;
				LOCALIZATION_PREFERS_STRING_CATALOGS = YES;
				MTL_ENABLE_DEBUG_INFO = INCLUDE_SOURCE;
				MTL_FAST_MATH = YES;
				ONLY_ACTIVE_ARCH = YES;
				SDKROOT = iphoneos;
				SWIFT_ACTIVE_COMPILATION_CONDITIONS = "DEBUG $(inherited)";
				SWIFT_OPTIMIZATION_LEVEL = "-Onone";
			};
			name = Debug;
		};
		8175680B2CA2C2B500B24577 /* Release */ = {
			isa = XCBuildConfiguration;
			buildSettings = {
				ALWAYS_SEARCH_USER_PATHS = NO;
				ASSETCATALOG_COMPILER_GENERATE_SWIFT_ASSET_SYMBOL_EXTENSIONS = YES;
				CLANG_ANALYZER_NONNULL = YES;
				CLANG_ANALYZER_NUMBER_OBJECT_CONVERSION = YES_AGGRESSIVE;
				CLANG_CXX_LANGUAGE_STANDARD = "gnu++20";
				CLANG_ENABLE_MODULES = YES;
				CLANG_ENABLE_OBJC_ARC = YES;
				CLANG_ENABLE_OBJC_WEAK = YES;
				CLANG_WARN_BLOCK_CAPTURE_AUTORELEASING = YES;
				CLANG_WARN_BOOL_CONVERSION = YES;
				CLANG_WARN_COMMA = YES;
				CLANG_WARN_CONSTANT_CONVERSION = YES;
				CLANG_WARN_DEPRECATED_OBJC_IMPLEMENTATIONS = YES;
				CLANG_WARN_DIRECT_OBJC_ISA_USAGE = YES_ERROR;
				CLANG_WARN_DOCUMENTATION_COMMENTS = YES;
				CLANG_WARN_EMPTY_BODY = YES;
				CLANG_WARN_ENUM_CONVERSION = YES;
				CLANG_WARN_INFINITE_RECURSION = YES;
				CLANG_WARN_INT_CONVERSION = YES;
				CLANG_WARN_NON_LITERAL_NULL_CONVERSION = YES;
				CLANG_WARN_OBJC_IMPLICIT_RETAIN_SELF = YES;
				CLANG_WARN_OBJC_LITERAL_CONVERSION = YES;
				CLANG_WARN_OBJC_ROOT_CLASS = YES_ERROR;
				CLANG_WARN_QUOTED_INCLUDE_IN_FRAMEWORK_HEADER = YES;
				CLANG_WARN_RANGE_LOOP_ANALYSIS = YES;
				CLANG_WARN_STRICT_PROTOTYPES = YES;
				CLANG_WARN_SUSPICIOUS_MOVE = YES;
				CLANG_WARN_UNGUARDED_AVAILABILITY = YES_AGGRESSIVE;
				CLANG_WARN_UNREACHABLE_CODE = YES;
				CLANG_WARN__DUPLICATE_METHOD_MATCH = YES;
				COPY_PHASE_STRIP = NO;
				DEBUG_INFORMATION_FORMAT = "dwarf-with-dsym";
				ENABLE_NS_ASSERTIONS = NO;
				ENABLE_STRICT_OBJC_MSGSEND = YES;
				ENABLE_USER_SCRIPT_SANDBOXING = YES;
				GCC_C_LANGUAGE_STANDARD = gnu17;
				GCC_NO_COMMON_BLOCKS = YES;
				GCC_WARN_64_TO_32_BIT_CONVERSION = YES;
				GCC_WARN_ABOUT_RETURN_TYPE = YES_ERROR;
				GCC_WARN_UNDECLARED_SELECTOR = YES;
				GCC_WARN_UNINITIALIZED_AUTOS = YES_AGGRESSIVE;
				GCC_WARN_UNUSED_FUNCTION = YES;
				GCC_WARN_UNUSED_VARIABLE = YES;
				IPHONEOS_DEPLOYMENT_TARGET = 17.2;
				LOCALIZATION_PREFERS_STRING_CATALOGS = YES;
				MTL_ENABLE_DEBUG_INFO = NO;
				MTL_FAST_MATH = YES;
				SDKROOT = iphoneos;
				SWIFT_COMPILATION_MODE = wholemodule;
				VALIDATE_PRODUCT = YES;
			};
			name = Release;
		};
		8175680D2CA2C2B500B24577 /* Debug */ = {
			isa = XCBuildConfiguration;
			buildSettings = {
				ASSETCATALOG_COMPILER_APPICON_NAME = AppIcon;
				ASSETCATALOG_COMPILER_GLOBAL_ACCENT_COLOR_NAME = AccentColor;
				CODE_SIGN_STYLE = Automatic;
				COREML_CODEGEN_LANGUAGE = Swift;
				CURRENT_PROJECT_VERSION = 20240924;
				DEVELOPMENT_TEAM = 4Q5CYDAG3B;
				GENERATE_INFOPLIST_FILE = YES;
				INFOPLIST_FILE = Example/Info.plist;
				INFOPLIST_KEY_UIApplicationSupportsIndirectInputEvents = YES;
				INFOPLIST_KEY_UILaunchStoryboardName = LaunchScreen;
				INFOPLIST_KEY_UIMainStoryboardFile = Main;
				INFOPLIST_KEY_UISupportedInterfaceOrientations = UIInterfaceOrientationPortrait;
				INFOPLIST_KEY_UISupportedInterfaceOrientations_iPad = "UIInterfaceOrientationLandscapeLeft UIInterfaceOrientationLandscapeRight UIInterfaceOrientationPortrait UIInterfaceOrientationPortraitUpsideDown";
				IPHONEOS_DEPLOYMENT_TARGET = 16.0;
				LD_RUNPATH_SEARCH_PATHS = (
					"$(inherited)",
					"@executable_path/Frameworks",
				);
				MARKETING_VERSION = 1.0.0;
				PRODUCT_BUNDLE_IDENTIFIER = idv.william.Example2.Example;
				PRODUCT_NAME = "$(TARGET_NAME)";
				SUPPORTED_PLATFORMS = "iphoneos iphonesimulator";
				SUPPORTS_MACCATALYST = NO;
				SUPPORTS_MAC_DESIGNED_FOR_IPHONE_IPAD = NO;
				SUPPORTS_XR_DESIGNED_FOR_IPHONE_IPAD = NO;
				SWIFT_EMIT_LOC_STRINGS = YES;
				SWIFT_OBJC_BRIDGING_HEADER = "Example/ImageColoriser-Bridging-Header.h";
				SWIFT_VERSION = 5.0;
				TARGETED_DEVICE_FAMILY = 1;
			};
			name = Debug;
		};
		8175680E2CA2C2B500B24577 /* Release */ = {
			isa = XCBuildConfiguration;
			buildSettings = {
				ASSETCATALOG_COMPILER_APPICON_NAME = AppIcon;
				ASSETCATALOG_COMPILER_GLOBAL_ACCENT_COLOR_NAME = AccentColor;
				CODE_SIGN_STYLE = Automatic;
				COREML_CODEGEN_LANGUAGE = Swift;
				CURRENT_PROJECT_VERSION = 20240924;
				DEVELOPMENT_TEAM = 4Q5CYDAG3B;
				GENERATE_INFOPLIST_FILE = YES;
				INFOPLIST_FILE = Example/Info.plist;
				INFOPLIST_KEY_UIApplicationSupportsIndirectInputEvents = YES;
				INFOPLIST_KEY_UILaunchStoryboardName = LaunchScreen;
				INFOPLIST_KEY_UIMainStoryboardFile = Main;
				INFOPLIST_KEY_UISupportedInterfaceOrientations = UIInterfaceOrientationPortrait;
				INFOPLIST_KEY_UISupportedInterfaceOrientations_iPad = "UIInterfaceOrientationLandscapeLeft UIInterfaceOrientationLandscapeRight UIInterfaceOrientationPortrait UIInterfaceOrientationPortraitUpsideDown";
				IPHONEOS_DEPLOYMENT_TARGET = 16.0;
				LD_RUNPATH_SEARCH_PATHS = (
					"$(inherited)",
					"@executable_path/Frameworks",
				);
				MARKETING_VERSION = 1.0.0;
				PRODUCT_BUNDLE_IDENTIFIER = idv.william.Example2.Example;
				PRODUCT_NAME = "$(TARGET_NAME)";
				SUPPORTED_PLATFORMS = "iphoneos iphonesimulator";
				SUPPORTS_MACCATALYST = NO;
				SUPPORTS_MAC_DESIGNED_FOR_IPHONE_IPAD = NO;
				SUPPORTS_XR_DESIGNED_FOR_IPHONE_IPAD = NO;
				SWIFT_EMIT_LOC_STRINGS = YES;
				SWIFT_OBJC_BRIDGING_HEADER = "Example/ImageColoriser-Bridging-Header.h";
				SWIFT_VERSION = 5.0;
				TARGETED_DEVICE_FAMILY = 1;
			};
			name = Release;
		};
/* End XCBuildConfiguration section */

/* Begin XCConfigurationList section */
		817567F32CA2C2B400B24577 /* Build configuration list for PBXProject "Example" */ = {
			isa = XCConfigurationList;
			buildConfigurations = (
				8175680A2CA2C2B500B24577 /* Debug */,
				8175680B2CA2C2B500B24577 /* Release */,
			);
			defaultConfigurationIsVisible = 0;
			defaultConfigurationName = Release;
		};
		8175680C2CA2C2B500B24577 /* Build configuration list for PBXNativeTarget "Example" */ = {
			isa = XCConfigurationList;
			buildConfigurations = (
				8175680D2CA2C2B500B24577 /* Debug */,
				8175680E2CA2C2B500B24577 /* Release */,
			);
			defaultConfigurationIsVisible = 0;
			defaultConfigurationName = Release;
		};
/* End XCConfigurationList section */

/* Begin XCRemoteSwiftPackageReference section */
		8138F21D2E605E1E00D302BC /* XCRemoteSwiftPackageReference "WWHUD" */ = {
			isa = XCRemoteSwiftPackageReference;
			repositoryURL = "https://github.com/William-Weng/WWHUD";
			requirement = {
				kind = upToNextMajorVersion;
				minimumVersion = 1.3.3;
			};
		};
/* End XCRemoteSwiftPackageReference section */

/* Begin XCSwiftPackageProductDependency section */
		8138F21E2E605E1E00D302BC /* WWHUD */ = {
			isa = XCSwiftPackageProductDependency;
			package = 8138F21D2E605E1E00D302BC /* XCRemoteSwiftPackageReference "WWHUD" */;
			productName = WWHUD;
		};
/* End XCSwiftPackageProductDependency section */
	};
	rootObject = 817567F02CA2C2B400B24577 /* Project object */;
}
